# This file is autogenerated, do not edit; changes may be undone by the next 'dep ensure'.


[[projects]]
  name = "github.com/openfaas-incubator/go-function-sdk"
  packages = ["."]
  revision = "cac4b8744921c3935ace0551f3d1240eaac69c7a"
  version = "1.0.0"

[solve-meta]
  analyzer-name = "dep"
  analyzer-version = 1
  inputs-digest = "e1451470edcf08c0746ab26143a4518315a3698e96c6dbc8671b7cfd3ec5b714"
  solver-name = "gps-cdcl"
  solver-version = 1
